
Microsoft Visual Studio Solution File, Format Version 12.00
# Visual Studio Version 16
VisualStudioVersion = 16.0.32929.386
MinimumVisualStudioVersion = 10.0.40219.1
Project("{FAE04EC0-301F-11D3-BF4B-00C04F79EFBC}") = "Progetto_Lezion4", "Progetto_Lezion4\Progetto_Lezion4.csproj", "{30824274-7C0E-49BC-A251-905979F684AF}"
EndProject
Global
	GlobalSection(SolutionConfigurationPlatforms) = preSolution
		Debug|Any CPU = Debug|Any CPU
		Release|Any CPU = Release|Any CPU
	EndGlobalSection
	GlobalSection(ProjectConfigurationPlatforms) = postSolution
		{30824274-7C0E-49BC-A251-905979F684AF}.Debug|Any CPU.ActiveCfg = Debug|Any CPU
		{30824274-7C0E-49BC-A251-905979F684AF}.Debug|Any CPU.Build.0 = Debug|Any CPU
		{30824274-7C0E-49BC-A251-905979F684AF}.Release|Any CPU.ActiveCfg = Release|Any CPU
		{30824274-7C0E-49BC-A251-905979F684AF}.Release|Any CPU.Build.0 = Release|Any CPU
	EndGlobalSection
	GlobalSection(SolutionProperties) = preSolution
		HideSolutionNode = FALSE
	EndGlobalSection
	GlobalSection(ExtensibilityGlobals) = postSolution
		SolutionGuid = {4EC60D3D-6782-4E84-A0D6-C88E830FBE66}
	EndGlobalSection
EndGlobal
